
Microsoft Visual Studio Solution File, Format Version 12.00
# Visual Studio 15
VisualStudioVersion = 15.0.28307.329
MinimumVisualStudioVersion = 10.0.40219.1
Project("{FAE04EC0-301F-11D3-BF4B-00C04F79EFBC}") = "CrudMVCCodeFirst", "CrudMVCCodeFirst\CrudMVCCodeFirst.csproj", "{47AC284D-877A-4604-8B35-AA1367B29FB2}"
EndProject
Global
	GlobalSection(SolutionConfigurationPlatforms) = preSolution
		Debug|Any CPU = Debug|Any CPU
		Release|Any CPU = Release|Any CPU
	EndGlobalSection
	GlobalSection(ProjectConfigurationPlatforms) = postSolution
		{47AC284D-877A-4604-8B35-AA1367B29FB2}.Debug|Any CPU.ActiveCfg = Debug|Any CPU
		{47AC284D-877A-4604-8B35-AA1367B29FB2}.Debug|Any CPU.Build.0 = Debug|Any CPU
		{47AC284D-877A-4604-8B35-AA1367B29FB2}.Release|Any CPU.ActiveCfg = Release|Any CPU
		{47AC284D-877A-4604-8B35-AA1367B29FB2}.Release|Any CPU.Build.0 = Release|Any CPU
	EndGlobalSection
	GlobalSection(SolutionProperties) = preSolution
		HideSolutionNode = FALSE
	EndGlobalSection
	GlobalSection(ExtensibilityGlobals) = postSolution
		SolutionGuid = {312433DD-2F98-4213-9B2D-87BAD679EFEC}
	EndGlobalSection
EndGlobal
